
Microsoft Visual Studio Solution File, Format Version 12.00
# Visual Studio Version 16
VisualStudioVersion = 16.0.32802.440
MinimumVisualStudioVersion = 10.0.40219.1
Project("{FAE04EC0-301F-11D3-BF4B-00C04F79EFBC}") = "VCproj", "VCproj\VCproj.csproj", "{93FCB22A-22B1-490E-9ABD-168C48896D57}"
EndProject
Global
	GlobalSection(SolutionConfigurationPlatforms) = preSolution
		Debug|Any CPU = Debug|Any CPU
		Release|Any CPU = Release|Any CPU
	EndGlobalSection
	GlobalSection(ProjectConfigurationPlatforms) = postSolution
		{93FCB22A-22B1-490E-9ABD-168C48896D57}.Debug|Any CPU.ActiveCfg = Debug|Any CPU
		{93FCB22A-22B1-490E-9ABD-168C48896D57}.Debug|Any CPU.Build.0 = Debug|Any CPU
		{93FCB22A-22B1-490E-9ABD-168C48896D57}.Release|Any CPU.ActiveCfg = Release|Any CPU
		{93FCB22A-22B1-490E-9ABD-168C48896D57}.Release|Any CPU.Build.0 = Release|Any CPU
	EndGlobalSection
	GlobalSection(SolutionProperties) = preSolution
		HideSolutionNode = FALSE
	EndGlobalSection
	GlobalSection(ExtensibilityGlobals) = postSolution
		SolutionGuid = {6F5F87EF-7F06-47A2-935C-A11455168DAB}
	EndGlobalSection
EndGlobal
