
Microsoft Visual Studio Solution File, Format Version 12.00
# Visual Studio Version 17
VisualStudioVersion = 17.4.32916.344
MinimumVisualStudioVersion = 10.0.40219.1
Project("{FAE04EC0-301F-11D3-BF4B-00C04F79EFBC}") = "DataBase", "DataBase.csproj", "{98448DFD-A53E-4464-A3B1-ED03098E892B}"
EndProject
Project("{FAE04EC0-301F-11D3-BF4B-00C04F79EFBC}") = "BLL", "..\BLL\BLL.csproj", "{751AECB9-35C5-4E8F-861F-A76E4D4532CF}"
EndProject
Project("{FAE04EC0-301F-11D3-BF4B-00C04F79EFBC}") = "View", "..\View\View.csproj", "{3A2171B2-5532-4FE6-BE76-1DA6C1E399DF}"
EndProject
Global
	GlobalSection(SolutionConfigurationPlatforms) = preSolution
		Debug|Any CPU = Debug|Any CPU
		Release|Any CPU = Release|Any CPU
	EndGlobalSection
	GlobalSection(ProjectConfigurationPlatforms) = postSolution
		{98448DFD-A53E-4464-A3B1-ED03098E892B}.Debug|Any CPU.ActiveCfg = Debug|Any CPU
		{98448DFD-A53E-4464-A3B1-ED03098E892B}.Debug|Any CPU.Build.0 = Debug|Any CPU
		{98448DFD-A53E-4464-A3B1-ED03098E892B}.Release|Any CPU.ActiveCfg = Release|Any CPU
		{98448DFD-A53E-4464-A3B1-ED03098E892B}.Release|Any CPU.Build.0 = Release|Any CPU
		{751AECB9-35C5-4E8F-861F-A76E4D4532CF}.Debug|Any CPU.ActiveCfg = Debug|Any CPU
		{751AECB9-35C5-4E8F-861F-A76E4D4532CF}.Debug|Any CPU.Build.0 = Debug|Any CPU
		{751AECB9-35C5-4E8F-861F-A76E4D4532CF}.Release|Any CPU.ActiveCfg = Release|Any CPU
		{751AECB9-35C5-4E8F-861F-A76E4D4532CF}.Release|Any CPU.Build.0 = Release|Any CPU
		{3A2171B2-5532-4FE6-BE76-1DA6C1E399DF}.Debug|Any CPU.ActiveCfg = Debug|Any CPU
		{3A2171B2-5532-4FE6-BE76-1DA6C1E399DF}.Debug|Any CPU.Build.0 = Debug|Any CPU
		{3A2171B2-5532-4FE6-BE76-1DA6C1E399DF}.Release|Any CPU.ActiveCfg = Release|Any CPU
		{3A2171B2-5532-4FE6-BE76-1DA6C1E399DF}.Release|Any CPU.Build.0 = Release|Any CPU
	EndGlobalSection
	GlobalSection(SolutionProperties) = preSolution
		HideSolutionNode = FALSE
	EndGlobalSection
	GlobalSection(ExtensibilityGlobals) = postSolution
		SolutionGuid = {66DDD4E0-976D-4DB6-A67A-F07A348AF2F8}
	EndGlobalSection
EndGlobal
